
Microsoft Visual Studio Solution File, Format Version 12.00
# Visual Studio Version 17
VisualStudioVersion = 17.12.35527.113
MinimumVisualStudioVersion = 10.0.40219.1
Project("{FAE04EC0-301F-11D3-BF4B-00C04F79EFBC}") = "Mediatr.WebApi", "Mediatr.WebApi\Mediatr.WebApi.csproj", "{B24BA43C-F94F-4BB3-9C79-27A3CE3535B7}"
EndProject
Project("{2150E333-8FDC-42A3-9474-1A3956D46DE8}") = "src", "src", "{9FFA3560-4778-4748-A945-E0757657823E}"
EndProject
Project("{FAE04EC0-301F-11D3-BF4B-00C04F79EFBC}") = "Mediatr.Application", "Mediatr.Application\Mediatr.Application.csproj", "{F02A08BB-8F1C-4B45-B091-DACF9BFB31BB}"
EndProject
Project("{FAE04EC0-301F-11D3-BF4B-00C04F79EFBC}") = "Mediatr.Domain", "Mediatr.Domain\Mediatr.Domain.csproj", "{82AE9007-ECE3-4D77-8409-E76EF9C7F834}"
EndProject
Project("{FAE04EC0-301F-11D3-BF4B-00C04F79EFBC}") = "Mediatr.Persistence", "Mediatr.Persistence\Mediatr.Persistence.csproj", "{89165A7D-2270-4325-8A01-B8FFAE646C85}"
EndProject
Project("{FAE04EC0-301F-11D3-BF4B-00C04F79EFBC}") = "Mediatr.Presentation", "Mediatr.Presentation\Mediatr.Presentation.csproj", "{56E05503-9144-4A6F-B267-942FA0551FA8}"
EndProject
Project("{FAE04EC0-301F-11D3-BF4B-00C04F79EFBC}") = "Mediatr.TodoContracts", "Mediatr.Contracts\Mediatr.TodoContracts.csproj", "{D40DA6DA-5E4A-4F7E-8FB2-47BFE7E597B4}"
EndProject
Project("{FAE04EC0-301F-11D3-BF4B-00C04F79EFBC}") = "Mediatr.Infrastructure", "Mediatr.Infrastructure\Mediatr.Infrastructure.csproj", "{E49D070D-0ECE-4CAC-B109-3DA7E89C0FFD}"
EndProject
Global
	GlobalSection(SolutionConfigurationPlatforms) = preSolution
		Debug|Any CPU = Debug|Any CPU
		Release|Any CPU = Release|Any CPU
	EndGlobalSection
	GlobalSection(ProjectConfigurationPlatforms) = postSolution
		{B24BA43C-F94F-4BB3-9C79-27A3CE3535B7}.Debug|Any CPU.ActiveCfg = Debug|Any CPU
		{B24BA43C-F94F-4BB3-9C79-27A3CE3535B7}.Debug|Any CPU.Build.0 = Debug|Any CPU
		{B24BA43C-F94F-4BB3-9C79-27A3CE3535B7}.Release|Any CPU.ActiveCfg = Release|Any CPU
		{B24BA43C-F94F-4BB3-9C79-27A3CE3535B7}.Release|Any CPU.Build.0 = Release|Any CPU
		{F02A08BB-8F1C-4B45-B091-DACF9BFB31BB}.Debug|Any CPU.ActiveCfg = Debug|Any CPU
		{F02A08BB-8F1C-4B45-B091-DACF9BFB31BB}.Debug|Any CPU.Build.0 = Debug|Any CPU
		{F02A08BB-8F1C-4B45-B091-DACF9BFB31BB}.Release|Any CPU.ActiveCfg = Release|Any CPU
		{F02A08BB-8F1C-4B45-B091-DACF9BFB31BB}.Release|Any CPU.Build.0 = Release|Any CPU
		{82AE9007-ECE3-4D77-8409-E76EF9C7F834}.Debug|Any CPU.ActiveCfg = Debug|Any CPU
		{82AE9007-ECE3-4D77-8409-E76EF9C7F834}.Debug|Any CPU.Build.0 = Debug|Any CPU
		{82AE9007-ECE3-4D77-8409-E76EF9C7F834}.Release|Any CPU.ActiveCfg = Release|Any CPU
		{82AE9007-ECE3-4D77-8409-E76EF9C7F834}.Release|Any CPU.Build.0 = Release|Any CPU
		{89165A7D-2270-4325-8A01-B8FFAE646C85}.Debug|Any CPU.ActiveCfg = Debug|Any CPU
		{89165A7D-2270-4325-8A01-B8FFAE646C85}.Debug|Any CPU.Build.0 = Debug|Any CPU
		{89165A7D-2270-4325-8A01-B8FFAE646C85}.Release|Any CPU.ActiveCfg = Release|Any CPU
		{89165A7D-2270-4325-8A01-B8FFAE646C85}.Release|Any CPU.Build.0 = Release|Any CPU
		{56E05503-9144-4A6F-B267-942FA0551FA8}.Debug|Any CPU.ActiveCfg = Debug|Any CPU
		{56E05503-9144-4A6F-B267-942FA0551FA8}.Debug|Any CPU.Build.0 = Debug|Any CPU
		{56E05503-9144-4A6F-B267-942FA0551FA8}.Release|Any CPU.ActiveCfg = Release|Any CPU
		{56E05503-9144-4A6F-B267-942FA0551FA8}.Release|Any CPU.Build.0 = Release|Any CPU
		{D40DA6DA-5E4A-4F7E-8FB2-47BFE7E597B4}.Debug|Any CPU.ActiveCfg = Debug|Any CPU
		{D40DA6DA-5E4A-4F7E-8FB2-47BFE7E597B4}.Debug|Any CPU.Build.0 = Debug|Any CPU
		{D40DA6DA-5E4A-4F7E-8FB2-47BFE7E597B4}.Release|Any CPU.ActiveCfg = Release|Any CPU
		{D40DA6DA-5E4A-4F7E-8FB2-47BFE7E597B4}.Release|Any CPU.Build.0 = Release|Any CPU
		{E49D070D-0ECE-4CAC-B109-3DA7E89C0FFD}.Debug|Any CPU.ActiveCfg = Debug|Any CPU
		{E49D070D-0ECE-4CAC-B109-3DA7E89C0FFD}.Debug|Any CPU.Build.0 = Debug|Any CPU
		{E49D070D-0ECE-4CAC-B109-3DA7E89C0FFD}.Release|Any CPU.ActiveCfg = Release|Any CPU
		{E49D070D-0ECE-4CAC-B109-3DA7E89C0FFD}.Release|Any CPU.Build.0 = Release|Any CPU
	EndGlobalSection
	GlobalSection(SolutionProperties) = preSolution
		HideSolutionNode = FALSE
	EndGlobalSection
	GlobalSection(NestedProjects) = preSolution
		{B24BA43C-F94F-4BB3-9C79-27A3CE3535B7} = {9FFA3560-4778-4748-A945-E0757657823E}
		{F02A08BB-8F1C-4B45-B091-DACF9BFB31BB} = {9FFA3560-4778-4748-A945-E0757657823E}
		{82AE9007-ECE3-4D77-8409-E76EF9C7F834} = {9FFA3560-4778-4748-A945-E0757657823E}
		{89165A7D-2270-4325-8A01-B8FFAE646C85} = {9FFA3560-4778-4748-A945-E0757657823E}
		{56E05503-9144-4A6F-B267-942FA0551FA8} = {9FFA3560-4778-4748-A945-E0757657823E}
		{D40DA6DA-5E4A-4F7E-8FB2-47BFE7E597B4} = {9FFA3560-4778-4748-A945-E0757657823E}
		{E49D070D-0ECE-4CAC-B109-3DA7E89C0FFD} = {9FFA3560-4778-4748-A945-E0757657823E}
	EndGlobalSection
EndGlobal
